
Microsoft Visual Studio Solution File, Format Version 12.00
# Visual Studio Version 17
VisualStudioVersion = 17.1.32228.430
MinimumVisualStudioVersion = 10.0.40219.1
Project("{FAE04EC0-301F-11D3-BF4B-00C04F79EFBC}") = "Pago", "Pago\Pago.csproj", "{24FCDFA5-0EB8-4E6D-9D9A-FED77F892087}"
EndProject
Global
	GlobalSection(SolutionConfigurationPlatforms) = preSolution
		Debug|Any CPU = Debug|Any CPU
		Release|Any CPU = Release|Any CPU
	EndGlobalSection
	GlobalSection(ProjectConfigurationPlatforms) = postSolution
		{24FCDFA5-0EB8-4E6D-9D9A-FED77F892087}.Debug|Any CPU.ActiveCfg = Debug|Any CPU
		{24FCDFA5-0EB8-4E6D-9D9A-FED77F892087}.Debug|Any CPU.Build.0 = Debug|Any CPU
		{24FCDFA5-0EB8-4E6D-9D9A-FED77F892087}.Release|Any CPU.ActiveCfg = Release|Any CPU
		{24FCDFA5-0EB8-4E6D-9D9A-FED77F892087}.Release|Any CPU.Build.0 = Release|Any CPU
	EndGlobalSection
	GlobalSection(SolutionProperties) = preSolution
		HideSolutionNode = FALSE
	EndGlobalSection
	GlobalSection(ExtensibilityGlobals) = postSolution
		SolutionGuid = {BCE977D6-9720-4C09-98F0-49E547C2BF88}
	EndGlobalSection
EndGlobal
